[[package]]
name = "daal"
version = "2021.6.0"
summary = "Intel® oneAPI Data Analytics Library"
dependencies = [
    "tbb==2021.*",
]

[[package]]
name = "daal4py"
version = "2021.6.3"
requires_python = ">=3.7"
summary = "daal4py is a Convenient Python API to the Intel® oneAPI Data Analytics Library (oneDAL)"
dependencies = [
    "daal==2021.6.0",
    "numpy>=1.15",
]

[[package]]
name = "joblib"
version = "1.2.0"
requires_python = ">=3.7"
summary = "Lightweight pipelining with Python functions"

[[package]]
name = "numpy"
version = "1.23.5"
requires_python = ">=3.8"
summary = "NumPy is the fundamental package for array computing with Python."

[[package]]
name = "scikit-learn"
version = "1.1.3"
requires_python = ">=3.8"
summary = "A set of python modules for machine learning and data mining"
dependencies = [
    "joblib>=1.0.0",
    "numpy>=1.17.3",
    "scipy>=1.3.2",
    "threadpoolctl>=2.0.0",
]

[[package]]
name = "scikit-learn-intelex"
version = "2021.6.3"
requires_python = ">=3.7"
summary = "Intel(R) Extension for Scikit-learn is a seamless way to speed up your Scikit-learn application."
dependencies = [
    "daal4py==2021.6.3",
    "scikit-learn>=0.22",
]

[[package]]
name = "scipy"
version = "1.9.3"
requires_python = ">=3.8"
summary = "Fundamental algorithms for scientific computing in Python"
dependencies = [
    "numpy<1.26.0,>=1.18.5",
]

[[package]]
name = "tbb"
version = "2021.7.1"
summary = "Intel® oneAPI Threading Building Blocks (oneTBB)"

[[package]]
name = "threadpoolctl"
version = "3.1.0"
requires_python = ">=3.6"
summary = "threadpoolctl"

[metadata]
lock_version = "4.1"
content_hash = "sha256:3e54311715757d7d8382dcf235e14df77f7fb193e84940494891fbe3dec02daf"

[metadata.files]
"daal 2021.6.0" = [
    {url = "https://files.pythonhosted.org/packages/16/13/2c8e92bd0677b9d4d6ff5b4096d109cfe0d11902f55e2ca10a8146a928bf/daal-2021.6.0-py2.py3-none-manylinux1_x86_64.whl", hash = "sha256:d8f1338eea2e37b446dbfbf8730b2e0b3b4cb4c8e8460b8963c1e259a47bda85"},
    {url = "https://files.pythonhosted.org/packages/2e/f0/ab469f09fe2dad7b09b7ef45fd58406c2e99fbbef8b776b7cc54745246a2/daal-2021.6.0-py2.py3-none-win_amd64.whl", hash = "sha256:721c045f0d16d7d70ba487ac8b808adc5c1490ee452a1aec006f9bc0422f7f24"},
    {url = "https://files.pythonhosted.org/packages/b2/30/ef244129792231fd5a24f540030486955c6b25f987d87e86356f785572a9/daal-2021.6.0-py2.py3-none-macosx_10_15_x86_64.macosx_11_0_x86_64.whl", hash = "sha256:8a445298f46675a1ff3042d55426f2a15aa58e93594f848dba017b3312ba149a"},
]
"daal4py 2021.6.3" = [
    {url = "https://files.pythonhosted.org/packages/09/30/f9c43ee5157cea2a830a6a7c79261ecf15a812f982fac0d56a20585a26cb/daal4py-2021.6.3-py310-none-macosx_10_15_x86_64.macosx_11_0_x86_64.whl", hash = "sha256:69312ce2b34bb7340b784c07fb777209c413eba807246333c3782286aad1f84a"},
    {url = "https://files.pythonhosted.org/packages/0d/13/0ff4612a9d32dd1215ea1887a1120c62ae435ddc5f6a092c5f5b0b0bd422/daal4py-2021.6.3-py37-none-win_amd64.whl", hash = "sha256:7d296a935f24616502b2c0c53546fafa636674cf44fc515e71dcb7d1d8647a21"},
    {url = "https://files.pythonhosted.org/packages/3c/f1/518ca82bfc93bf1334581269db2cd24f7de55e0d8400a413f63c797ecd94/daal4py-2021.6.3-py37-none-manylinux1_x86_64.whl", hash = "sha256:266149c35dbebc1f517ae88c3f48e81e9e2c4c081c40feb9d1702658fcc9bbf6"},
    {url = "https://files.pythonhosted.org/packages/43/b7/d52e9c5ad5f25f8f98b69f07b7967bd47ed8286a5f00dddd099d02bbdcd6/daal4py-2021.6.3-py39-none-win_amd64.whl", hash = "sha256:828f56ac352abdc4c9edb085b6c5a8c9c2d394080dc93fe6d69ca23d2bb64a63"},
    {url = "https://files.pythonhosted.org/packages/69/07/a7e945fbec7b30e346cafa5bfd430a547366e5110a6089d1cc5f0d26b517/daal4py-2021.6.3-py38-none-manylinux1_x86_64.whl", hash = "sha256:e15e19b0bebd9209b2bd6e02ed8fe7444f5fb1f3e6f76b3569426da01f32d6bf"},
    {url = "https://files.pythonhosted.org/packages/70/28/032fd673a61450a33128d90375c398275eabad5a4eca91da7a0fb63169f6/daal4py-2021.6.3-py39-none-manylinux1_x86_64.whl", hash = "sha256:41d4ee5ece936f716b29fda2d8a9d4e027b2209993c492d39f62543c45dfddaf"},
    {url = "https://files.pythonhosted.org/packages/7f/47/0da5ee01146c1658e14820be22737e55630f116d0a643e3b9d406f8501a7/daal4py-2021.6.3-py38-none-macosx_10_15_x86_64.macosx_11_0_x86_64.whl", hash = "sha256:0b2f7d1ed9f98cd488ecd2a249b536b2fc52e11037d8abeddc2474b7c331c6ea"},
    {url = "https://files.pythonhosted.org/packages/ad/43/2a55386d36c0dc6a7aa1537993788390782444323dcf5429849e346806d1/daal4py-2021.6.3-py37-none-macosx_10_15_x86_64.macosx_11_0_x86_64.whl", hash = "sha256:70fd169917dfd5b05dde929133ec67bb74ba227eddda7931d5d601fdd1e205b8"},
    {url = "https://files.pythonhosted.org/packages/b7/e1/7e6e18708ef5ed43eb6c1ee1c29ee4cd5a43e1b73d34623a44bf205d50b3/daal4py-2021.6.3-py310-none-win_amd64.whl", hash = "sha256:d6d83ebbab19f315b065e8502dff8ca0f1def520e2e5c6a4aa108e8c7daf05ea"},
    {url = "https://files.pythonhosted.org/packages/ba/c9/9ed0d70746cd6c615ce59d2bdb7683d31d5cde5b722b0118c8de768cf9f8/daal4py-2021.6.3-py38-none-win_amd64.whl", hash = "sha256:65625c1d61af30263e38aeb3c879536105d67989a9f7d4d3b957d5b79023bcc6"},
    {url = "https://files.pythonhosted.org/packages/de/4e/4d9a3e235e42beac9ed60511263addff516e9296471addece1f1f95fdcd4/daal4py-2021.6.3-py310-none-manylinux1_x86_64.whl", hash = "sha256:91548b49ad9bef13379b7fc4b02ac37a243d416973ea847637fee8cb3a08a5ac"},
    {url = "https://files.pythonhosted.org/packages/e5/da/6e78510c4810f9357f7db6691991f6b0a6c4f986fd2cf99905d70087b961/daal4py-2021.6.3-py39-none-macosx_10_15_x86_64.macosx_11_0_x86_64.whl", hash = "sha256:9d6b8ea44634f5de2d0d477526d3819b452b34597da0e07a7343177aa917935b"},
]
"joblib 1.2.0" = [
    {url = "https://files.pythonhosted.org/packages/45/dd/a5435a6902d6315241c48a5343e6e6675b007e05d3738ed97a7a47864e53/joblib-1.2.0.tar.gz", hash = "sha256:e1cee4a79e4af22881164f218d4311f60074197fb707e082e803b61f6d137018"},
    {url = "https://files.pythonhosted.org/packages/91/d4/3b4c8e5a30604df4c7518c562d4bf0502f2fa29221459226e140cf846512/joblib-1.2.0-py3-none-any.whl", hash = "sha256:091138ed78f800342968c523bdde947e7a305b8594b910a0fea2ab83c3c6d385"},
]
"numpy 1.23.5" = [
    {url = "https://files.pythonhosted.org/packages/08/36/6589c7d5fc4fecda63de4453fefff7c58f6de2b1bb7dfbe7fa807bf85c46/numpy-1.23.5-cp39-cp39-win_amd64.whl", hash = "sha256:09b7847f7e83ca37c6e627682f145856de331049013853f344f37b0c9690e3df"},
    {url = "https://files.pythonhosted.org/packages/0f/3d/25e99f2191cce5029310c41cf9a34b5107d4475477bbce2f6d2e68c1c93b/numpy-1.23.5-pp38-pypy38_pp73-manylinux_2_17_x86_64.manylinux2014_x86_64.whl", hash = "sha256:f9a909a8bae284d46bbfdefbdd4a262ba19d3bc9921b1e76126b1d21c3c34135"},
    {url = "https://files.pythonhosted.org/packages/0f/ae/dad4b8e7c65494cbbd1c063de114efaf9acd0f5f6171f044f0d4b6299787/numpy-1.23.5-cp310-cp310-macosx_10_9_x86_64.whl", hash = "sha256:9c88793f78fca17da0145455f0d7826bcb9f37da4764af27ac945488116efe63"},
    {url = "https://files.pythonhosted.org/packages/19/0d/b8c34e4baf258d77a8592bdce45183e9a12874c167f5966c7dd467b74ea9/numpy-1.23.5-cp311-cp311-win_amd64.whl", hash = "sha256:0cbe9848fad08baf71de1a39e12d1b6310f1d5b2d0ea4de051058e6e1076852d"},
    {url = "https://files.pythonhosted.org/packages/25/7b/3b587a62aa54ad7ecf90eabfc77cf78e96d3df1d0e8c31fc534ad3ca6e17/numpy-1.23.5-pp38-pypy38_pp73-macosx_10_9_x86_64.whl", hash = "sha256:abdde9f795cf292fb9651ed48185503a2ff29be87770c3b8e2a14b0cd7aa16f8"},
    {url = "https://files.pythonhosted.org/packages/2b/1a/9ac00116d3a64b5ea031fdb2ff071062a6e2140553fa0770b5f007b84252/numpy-1.23.5-cp311-cp311-manylinux_2_17_aarch64.manylinux2014_aarch64.whl", hash = "sha256:5039f55555e1eab31124a5768898c9e22c25a65c1e0037f4d7c495a45778c9f2"},
    {url = "https://files.pythonhosted.org/packages/3f/ce/04d7772671d8d3a14e426d7560047821c4e2d29ee2b5cfa252601412083b/numpy-1.23.5-pp38-pypy38_pp73-win_amd64.whl", hash = "sha256:01dd17cbb340bf0fc23981e52e1d18a9d4050792e8fb8363cecbf066a84b827d"},
    {url = "https://files.pythonhosted.org/packages/42/38/775b43da55fa7473015eddc9a819571517d9a271a9f8134f68fb9be2f212/numpy-1.23.5.tar.gz", hash = "sha256:1b1766d6f397c18153d40015ddfc79ddb715cabadc04d2d228d4e5a8bc4ded1a"},
    {url = "https://files.pythonhosted.org/packages/4c/42/6274f92514fbefcb1caa66d56d82ac7ac89f7652c0cef1e159a4b79e09f1/numpy-1.23.5-cp38-cp38-win_amd64.whl", hash = "sha256:ca51fcfcc5f9354c45f400059e88bc09215fb71a48d3768fb80e357f3b457e1e"},
    {url = "https://files.pythonhosted.org/packages/4c/b9/038abd6fbd67b05b03cb1af590cfc02b7f1e5a37af7ac6a868f5093c29f5/numpy-1.23.5-cp39-cp39-manylinux_2_17_x86_64.manylinux2014_x86_64.whl", hash = "sha256:33161613d2269025873025b33e879825ec7b1d831317e68f4f2f0f84ed14c719"},
    {url = "https://files.pythonhosted.org/packages/4d/39/d33202cc56c21123a50c6d5e160d00c18ff685ab864dbd4bf80dd40a7af9/numpy-1.23.5-cp310-cp310-macosx_11_0_arm64.whl", hash = "sha256:e9f4c4e51567b616be64e05d517c79a8a22f3606499941d97bb76f2ca59f982d"},
    {url = "https://files.pythonhosted.org/packages/5d/a1/cdac656aed8bc04dc86296490f8dbef68474c3294cc31af30f2bd0ec06de/numpy-1.23.5-cp39-cp39-manylinux_2_17_aarch64.manylinux2014_aarch64.whl", hash = "sha256:bf837dc63ba5c06dc8797c398db1e223a466c7ece27a1f7b5232ba3466aafe3d"},
    {url = "https://files.pythonhosted.org/packages/63/d4/3f0d610a2006434f2b7b2e0c80291368d59b0a03bb3e1911fdb9476232d4/numpy-1.23.5-cp38-cp38-macosx_11_0_arm64.whl", hash = "sha256:0aaee12d8883552fadfc41e96b4c82ee7d794949e2a7c3b3a7201e968c7ecab9"},
    {url = "https://files.pythonhosted.org/packages/67/6b/d7c93d458d16464da9b3f560a20c363a19e242ebbb019bd1e1d797523851/numpy-1.23.5-cp310-cp310-manylinux_2_17_aarch64.manylinux2014_aarch64.whl", hash = "sha256:7903ba8ab592b82014713c491f6c5d3a1cde5b4a3bf116404e08f5b52f6daf43"},
    {url = "https://files.pythonhosted.org/packages/6a/03/ae6c3c307f9c5c7516de3df3e764ebb1de33e54e197f0370992138433ef4/numpy-1.23.5-cp310-cp310-win_amd64.whl", hash = "sha256:dbee87b469018961d1ad79b1a5d50c0ae850000b639bcb1b694e9981083243b6"},
    {url = "https://files.pythonhosted.org/packages/6e/7f/94797cfe0263a30805f3074e535adfde02b885ac43d1e4dac85f82213b0b/numpy-1.23.5-cp311-cp311-macosx_10_9_x86_64.whl", hash = "sha256:ce571367b6dfe60af04e04a1834ca2dc5f46004ac1cc756fb95319f64c095a96"},
    {url = "https://files.pythonhosted.org/packages/8c/7a/171d3b4a54de835c8f95181dd2885607c0e04adca55ef99d9de559b4c9ba/numpy-1.23.5-cp39-cp39-macosx_10_9_x86_64.whl", hash = "sha256:8969bfd28e85c81f3f94eb4a66bc2cf1dbdc5c18efc320af34bffc54d6b1e38f"},
    {url = "https://files.pythonhosted.org/packages/9b/55/a2669debe264b1f22a8133734595128e40b96a8066e17e53e8d160168e41/numpy-1.23.5-cp311-cp311-win32.whl", hash = "sha256:b2a9ab7c279c91974f756c84c365a669a887efa287365a8e2c418f8b3ba73fb0"},
    {url = "https://files.pythonhosted.org/packages/9e/9d/ff17c357f7144301da85f8c03d56593cfd2904e9ce89f86c8eefaa96d2d5/numpy-1.23.5-cp39-cp39-macosx_11_0_arm64.whl", hash = "sha256:a7ac231a08bb37f852849bbb387a20a57574a97cfc7b6cabb488a4fc8be176de"},
    {url = "https://files.pythonhosted.org/packages/af/92/8efba008b9bda66456a1844a0e133dc76c08c5fb68c67a674f046211db29/numpy-1.23.5-cp310-cp310-win32.whl", hash = "sha256:522e26bbf6377e4d76403826ed689c295b0b238f46c28a7251ab94716da0b280"},
    {url = "https://files.pythonhosted.org/packages/b8/d0/e6a2cb9a3f3e863a43e50949e9ae704be70baf398fd5af59355f65c8740a/numpy-1.23.5-cp311-cp311-macosx_11_0_arm64.whl", hash = "sha256:56e454c7833e94ec9769fa0f86e6ff8e42ee38ce0ce1fa4cbb747ea7e06d56aa"},
    {url = "https://files.pythonhosted.org/packages/b9/0e/10ab011eaebeed29d28ad710d0a3ab2654c06a2800e178e8f2f3a5947ad4/numpy-1.23.5-cp38-cp38-win32.whl", hash = "sha256:06005a2ef6014e9956c09ba07654f9837d9e26696a0470e42beedadb78c11b07"},
    {url = "https://files.pythonhosted.org/packages/bf/d1/1017fe3f5d65c4fe054a793f18f940d913868bb2846a02d3f6244a829a30/numpy-1.23.5-cp38-cp38-manylinux_2_17_aarch64.manylinux2014_aarch64.whl", hash = "sha256:92c8c1e89a1f5028a4c6d9e3ccbe311b6ba53694811269b992c0b224269e2398"},
    {url = "https://files.pythonhosted.org/packages/c6/4f/63f6f16d3f44a764a3b66c6233e133baf912e198a93e14c39ee991f587d0/numpy-1.23.5-cp38-cp38-manylinux_2_17_x86_64.manylinux2014_x86_64.whl", hash = "sha256:d208a0f8729f3fb790ed18a003f3a57895b989b40ea4dce4717e9cf4af62c6bb"},
    {url = "https://files.pythonhosted.org/packages/d2/55/b9b4bfb9d1d828d7d3192c4059e7b4a7d755ba2e1618089af4be77c152d1/numpy-1.23.5-cp38-cp38-macosx_10_9_x86_64.whl", hash = "sha256:f063b69b090c9d918f9df0a12116029e274daf0181df392839661c4c7ec9018a"},
    {url = "https://files.pythonhosted.org/packages/d5/95/f311e6fdaabe24f909eeb6d5482e3adef27fa8389cb8a84823ae560bf480/numpy-1.23.5-cp39-cp39-win32.whl", hash = "sha256:af1da88f6bc3d2338ebbf0e22fe487821ea4d8e89053e25fa59d1d79786e7481"},
    {url = "https://files.pythonhosted.org/packages/e4/f3/679b3a042a127de0d7c84874913c3e23bb84646eb3bc6ecab3f8c872edc9/numpy-1.23.5-cp310-cp310-manylinux_2_17_x86_64.manylinux2014_x86_64.whl", hash = "sha256:5e05b1c973a9f858c74367553e236f287e749465f773328c8ef31abe18f691e1"},
    {url = "https://files.pythonhosted.org/packages/e8/ad/b935c7421657a032fd2a5332eed098f3b9993a155afceb1daa280ff6611f/numpy-1.23.5-cp311-cp311-manylinux_2_17_x86_64.manylinux2014_x86_64.whl", hash = "sha256:58f545efd1108e647604a1b5aa809591ccd2540f468a880bedb97247e72db387"},
]
"scikit-learn 1.1.3" = [
    {url = "https://files.pythonhosted.org/packages/0b/b2/317c4f9001567057cd197eb56a4baeb3567da86509c890d2ed9edac5ffa8/scikit_learn-1.1.3-cp38-cp38-manylinux_2_17_aarch64.manylinux2014_aarch64.whl", hash = "sha256:cd55c6fbef7608dbce1f22baf289dfcc6eb323247daa3c3542f73d389c724786"},
    {url = "https://files.pythonhosted.org/packages/13/2b/b70294841c5a0252ab9c80b93ef17c97bd67e9261ba743e0b09cc5a53ab1/scikit_learn-1.1.3-cp39-cp39-manylinux_2_17_aarch64.manylinux2014_aarch64.whl", hash = "sha256:23fb9e74b813cc2528b5167d82ed08950b11106ccf50297161875e45152fb311"},
    {url = "https://files.pythonhosted.org/packages/18/0e/930026d0554075f212c974773aab729ad370d0f611eddaa0d8bbaa8eaa33/scikit_learn-1.1.3-cp311-cp311-win_amd64.whl", hash = "sha256:fd3ee69d36d42a7dcbb17e355a5653af5fd241a7dfd9133080b3dde8d9e2aafb"},
    {url = "https://files.pythonhosted.org/packages/22/17/0b7adb6df00a30bc2c4a9e30e7f1c0c611035e2a5e22721b1bec0c2a5ffc/scikit_learn-1.1.3-cp310-cp310-macosx_10_9_x86_64.whl", hash = "sha256:8e9dd76c7274055d1acf4526b8efb16a3531c26dcda714a0c16da99bf9d41900"},
    {url = "https://files.pythonhosted.org/packages/23/b6/5d339516e3fbb6cde8ad87e85d9f17a3270c9e508c860785f0b6239ea33a/scikit_learn-1.1.3-cp310-cp310-manylinux_2_17_x86_64.manylinux2014_x86_64.whl", hash = "sha256:701181792a28c82fecae12adb5d15d0ecf57bffab7cf4bdbb52c7b3fd428d540"},
    {url = "https://files.pythonhosted.org/packages/23/b9/78099838802cca1c8bfd985212c2df098a062e9b1df70845764e65685e3e/scikit_learn-1.1.3-cp310-cp310-manylinux_2_17_aarch64.manylinux2014_aarch64.whl", hash = "sha256:da5a2e95fef9805b1750e4abda4e834bf8835d26fc709a391543b53feee7bd0e"},
    {url = "https://files.pythonhosted.org/packages/38/bc/319f789ce0988d9bf1379d6e40498dc119b30bec133bf76cd82ca549b69a/scikit-learn-1.1.3.tar.gz", hash = "sha256:bef51978a51ec19977700fe7b86aecea49c825884f3811756b74a3b152bb4e35"},
    {url = "https://files.pythonhosted.org/packages/52/3b/52dc84d8ee81a13e43c9ec98d3b5b88ba8ada8dfd12430caaaad2187ac04/scikit_learn-1.1.3-cp39-cp39-macosx_10_9_x86_64.whl", hash = "sha256:6785b8a3093329bf90ac01801be5525551728ae73edb11baa175df660820add4"},
    {url = "https://files.pythonhosted.org/packages/53/d8/4eb42e5a2f7bb0e9d376de7013235694f811af70b6bab66a92f30e4bc8be/scikit_learn-1.1.3-cp311-cp311-manylinux_2_17_x86_64.manylinux2014_x86_64.whl", hash = "sha256:250da993701da88bf475e7c5746abf1285ea0ae47e4d0917cd13afd6600bb162"},
    {url = "https://files.pythonhosted.org/packages/62/9a/e2ada8dd61783d6eddbe159f4714e8effe46121923d93ba3c1e9249f423c/scikit_learn-1.1.3-cp38-cp38-macosx_10_9_x86_64.whl", hash = "sha256:f5644663987ee221f5d1f47a593271b966c271c236fe05634e6bdc06041b5a2b"},
    {url = "https://files.pythonhosted.org/packages/65/d2/c9beff50f6adf2a8763e30d1ea1347b979caa4c5a8fe9d5a9d56f9a9173d/scikit_learn-1.1.3-cp311-cp311-manylinux_2_17_aarch64.manylinux2014_aarch64.whl", hash = "sha256:6d1c1394e38a3319ace620381f6f23cc807d8780e9915c152449a86fc8f1db21"},
    {url = "https://files.pythonhosted.org/packages/67/41/55197045c3ea6b443977eb0222a98b4f5276a3aae3856baa57f39fdfea8e/scikit_learn-1.1.3-cp38-cp38-win_amd64.whl", hash = "sha256:f4931f2a6c06e02c6c17a05f8ae397e2545965bc7a0a6cb38c8cd7d4fba8624d"},
    {url = "https://files.pythonhosted.org/packages/77/0d/7555c9b3cd8dd1796173f57dd9e63f5a6acbdcf73ac2c6199017910b3991/scikit_learn-1.1.3-cp311-cp311-macosx_10_9_x86_64.whl", hash = "sha256:5699cded6c0685426433c7e5afe0fecad80ec831ec7fa264940e50c796775cc5"},
    {url = "https://files.pythonhosted.org/packages/91/54/14e64c540d554d29e40239850bc656e2d403870c6fb388319034eb878f0a/scikit_learn-1.1.3-cp311-cp311-macosx_12_0_arm64.whl", hash = "sha256:2ee2c649f2231b68511aabb0dc827edd8936aad682acc6263c34aed11bc95dac"},
    {url = "https://files.pythonhosted.org/packages/9a/3b/e7aca9745952d3abe278fcf68ed8106ea98b8e049f05a4047a3b5a6cb706/scikit_learn-1.1.3-cp310-cp310-macosx_12_0_arm64.whl", hash = "sha256:ee47f68d973cee7009f06edb956f2f5588a0f230f24a2a70175fd0ecf36e2653"},
    {url = "https://files.pythonhosted.org/packages/9d/e2/795ca73cb4c198ba409c214aef30e333a4a4a0a407cb3de42e587873880a/scikit_learn-1.1.3-cp38-cp38-macosx_12_0_arm64.whl", hash = "sha256:748f2bd632d6993e8918d43f1a26c380aeda4e122a88840d4c3a9af99d4239fe"},
    {url = "https://files.pythonhosted.org/packages/c3/dd/fab87d80ccd9636c1bca567a6e23ad14bd3cfbc5855db3797c326d895957/scikit_learn-1.1.3-cp39-cp39-win_amd64.whl", hash = "sha256:4d3a19166d4e1cdfcab975c68f471e046ce01e74c42a9a33fa89a14c2fcedf60"},
    {url = "https://files.pythonhosted.org/packages/f0/40/ad11af9eee4e195660e76354511d8cb6f1a4ffa1d1189ce8408b65052d14/scikit_learn-1.1.3-cp39-cp39-macosx_12_0_arm64.whl", hash = "sha256:28b2bd6a1419acd522ff45d282c8ba23dbccb5338802ab0ee12baa4ade0aba4c"},
    {url = "https://files.pythonhosted.org/packages/f9/90/b76a42bb6e97d3296787c8926e7610b0485918a2efa219a9614eb1a068b2/scikit_learn-1.1.3-cp38-cp38-manylinux_2_17_x86_64.manylinux2014_x86_64.whl", hash = "sha256:38814f66285318f2e241305cca545eaa9b4126c65aa5dd78c69371f235f78e2b"},
    {url = "https://files.pythonhosted.org/packages/fa/74/78f4c6ae97ccd9cd9bac5ac8999af7c1f21a438edca5c5b381394568831e/scikit_learn-1.1.3-cp39-cp39-manylinux_2_17_x86_64.manylinux2014_x86_64.whl", hash = "sha256:f5d4231af7199531e77da1b78a4cc6b3d960a00b1ec672578ac818aae2b9c35d"},
    {url = "https://files.pythonhosted.org/packages/fe/28/2b78c8efceeb07e73cef24af458dd8241cc6c4b39abc7bf375ba38b07d28/scikit_learn-1.1.3-cp310-cp310-win_amd64.whl", hash = "sha256:30e27721adc308e8fd9f419f43068e43490005f911edf4476a9e585059fa8a83"},
]
"scikit-learn-intelex 2021.6.3" = [
    {url = "https://files.pythonhosted.org/packages/03/94/94f16004ba7efb07e03cc7505c909d29a02147d36d756a4f762b1fcf653d/scikit_learn_intelex-2021.6.3-py37-none-manylinux1_x86_64.whl", hash = "sha256:7fe13bd792f2b5e9056e3816acb74efb85a2de53d2215d9982d3590d2172a252"},
    {url = "https://files.pythonhosted.org/packages/08/8b/a99bb53d69db783e578e30efe336bfccde76044d1bcd8d6a94de44760b65/scikit_learn_intelex-2021.6.3-py39-none-manylinux1_x86_64.whl", hash = "sha256:ac37e4b802c95aa0f71b5d1072517161a42c1211408a3e380d5a7efb307ac51c"},
    {url = "https://files.pythonhosted.org/packages/0a/02/7ff232528177f412ec2d738d1e753efa4c341ef4604f18511f0fbf339d67/scikit_learn_intelex-2021.6.3-py310-none-win_amd64.whl", hash = "sha256:1f210ed0ca7e65d89e312cef2b69525a594a6d9a0de199a36deff6447a8b1353"},
    {url = "https://files.pythonhosted.org/packages/0b/41/ce02af1efe3a5a1acf87ae6356b6ed85c241e07189494837e807d0c940ea/scikit_learn_intelex-2021.6.3-py37-none-macosx_10_15_x86_64.macosx_11_0_x86_64.whl", hash = "sha256:4820d8953c55573239bb5569e10826bb4f4db3650cbe3608ca1b1d03944532e8"},
    {url = "https://files.pythonhosted.org/packages/11/a8/cc364aea336cbfd8609d870d2c6c5beb6e2c722de32e83517c19433a9bd0/scikit_learn_intelex-2021.6.3-py38-none-manylinux1_x86_64.whl", hash = "sha256:e7316b725f5c9912dae0cbc0314439d08e3c86e4084a8789ea8376c4682a9e2c"},
    {url = "https://files.pythonhosted.org/packages/2f/94/61f6d00bfa727f42b10613730d2c975af3c1b3acee25cdc3944fc9c4707b/scikit_learn_intelex-2021.6.3-py39-none-win_amd64.whl", hash = "sha256:30e4b357938b958ea9798d0c93ec1fabe32261d4137a9b166d1e46d858c307b7"},
    {url = "https://files.pythonhosted.org/packages/5f/c0/0069a054157edea777b80fea0757f4bd473ddee3bac6f24298010c5e2a9b/scikit_learn_intelex-2021.6.3-py310-none-macosx_10_15_x86_64.macosx_11_0_x86_64.whl", hash = "sha256:c084f8c4b24560bccdc26f6ffa3e1cb640fbe86201c77b289d40df7e02f44921"},
    {url = "https://files.pythonhosted.org/packages/9f/fc/92252889eb12e9f6a1370e174aa5aa6ab55af9d7006704175f5ffab96b3e/scikit_learn_intelex-2021.6.3-py38-none-win_amd64.whl", hash = "sha256:0ab8895140c7919beb77c2940adc04fdf190231861a7a861e7d27b9a1fb0a897"},
    {url = "https://files.pythonhosted.org/packages/a0/44/13d4458ad7b982d28039c89a55f59bb1e12e0f0ff63ab0cf864f5645f61c/scikit_learn_intelex-2021.6.3-py39-none-macosx_10_15_x86_64.macosx_11_0_x86_64.whl", hash = "sha256:3f8018beaaa278645822f77d112edd1d99f99bff1815b561a16595b5ba34398d"},
    {url = "https://files.pythonhosted.org/packages/b7/08/d4adeff555782ca4f4d9d8188405e370fb9e46f80cd264e2e6f19b1918d0/scikit_learn_intelex-2021.6.3-py310-none-manylinux1_x86_64.whl", hash = "sha256:f70c4625c0a976afbd5e5fc4b058559d7c88b9aed316e2aa2a522e9d19e86f40"},
    {url = "https://files.pythonhosted.org/packages/c0/40/1177eb7ea55fb86672aa24f2290a21528585c4822f42eb5b048397ace80b/scikit_learn_intelex-2021.6.3-py37-none-win_amd64.whl", hash = "sha256:bb782872264891860f90f33264c407a5dfc16585277f538c526be5f91ae99b4d"},
    {url = "https://files.pythonhosted.org/packages/cc/5e/14ec5d4ac1eca33fba33ab2fb74a78c8a344cc65c085b06011406b996266/scikit_learn_intelex-2021.6.3-py38-none-macosx_10_15_x86_64.macosx_11_0_x86_64.whl", hash = "sha256:93eab22bb09d7f33b48855ec89ed23ec0a1cb8674602d8e5259e5b7afe2adce4"},
]
"scipy 1.9.3" = [
    {url = "https://files.pythonhosted.org/packages/0a/2e/44795c6398e24e45fa0bb61c3e98de1cfea567b1b51efd3751e2f7ff9720/scipy-1.9.3.tar.gz", hash = "sha256:fbc5c05c85c1a02be77b1ff591087c83bc44579c6d2bd9fb798bb64ea5e1a027"},
    {url = "https://files.pythonhosted.org/packages/40/0e/3ff193b6ba6a0a6f13f8d367e8976370232e769bd609c8c11d86e0353adf/scipy-1.9.3-cp310-cp310-macosx_12_0_arm64.whl", hash = "sha256:83b89e9586c62e787f5012e8475fbb12185bafb996a03257e9675cd73d3736dd"},
    {url = "https://files.pythonhosted.org/packages/42/14/d2500818b7bb7b862d70c1ae97e646a4795b068583c67720553764095024/scipy-1.9.3-cp38-cp38-win_amd64.whl", hash = "sha256:2318bef588acc7a574f5bfdff9c172d0b1bf2c8143d9582e05f878e580a3781e"},
    {url = "https://files.pythonhosted.org/packages/42/81/0a64d2204c3b261380ac96c6d61f018528108b62c0e21e6153a58cebf4f6/scipy-1.9.3-cp311-cp311-win_amd64.whl", hash = "sha256:06d2e1b4c491dc7d8eacea139a1b0b295f74e1a1a0f704c375028f8320d16e31"},
    {url = "https://files.pythonhosted.org/packages/44/8a/bae77e624391b27aeea2d33a02f2ce4a8019f1378ce92faf5780f1521f2e/scipy-1.9.3-cp38-cp38-macosx_12_0_arm64.whl", hash = "sha256:545c83ffb518094d8c9d83cce216c0c32f8c04aaf28b92cc8283eda0685162d5"},
    {url = "https://files.pythonhosted.org/packages/56/af/6a2b90fe280e89466d84747054667f74b84a8304f75931a173090919991f/scipy-1.9.3-cp38-cp38-manylinux_2_17_x86_64.manylinux2014_x86_64.whl", hash = "sha256:cff3a5295234037e39500d35316a4c5794739433528310e117b8a9a0c76d20fc"},
    {url = "https://files.pythonhosted.org/packages/59/0b/8a9acfc5c36bbf6e18d02f3a08db5b83bebba510be2df3230f53852c74a4/scipy-1.9.3-cp310-cp310-manylinux_2_17_x86_64.manylinux2014_x86_64.whl", hash = "sha256:d01e1dd7b15bd2449c8bfc6b7cc67d630700ed655654f0dfcf121600bad205c9"},
    {url = "https://files.pythonhosted.org/packages/59/ef/d54d17c36b46a9b8f6e1d4bf039b7f7ad236504cfb13cf1872caec9cbeaa/scipy-1.9.3-cp39-cp39-macosx_10_9_x86_64.whl", hash = "sha256:d644a64e174c16cb4b2e41dfea6af722053e83d066da7343f333a54dae9bc31c"},
    {url = "https://files.pythonhosted.org/packages/84/86/4f38fa30c112c3590954420f85d95b8cd23811ecc5cfc4bfd4d988d4db44/scipy-1.9.3-cp38-cp38-macosx_10_9_x86_64.whl", hash = "sha256:5a04cd7d0d3eff6ea4719371cbc44df31411862b9646db617c99718ff68d4840"},
    {url = "https://files.pythonhosted.org/packages/92/f9/7ae2c1ae200212bc84b5a8369a10d644aa8b588140fe292d59db3b4a2545/scipy-1.9.3-cp311-cp311-manylinux_2_17_x86_64.manylinux2014_x86_64.whl", hash = "sha256:abaf921531b5aeaafced90157db505e10345e45038c39e5d9b6c7922d68085cb"},
    {url = "https://files.pythonhosted.org/packages/b5/67/c5451465ec94e654e6315cd5136961d267ae94a0f799b85d26eb9efe4c9f/scipy-1.9.3-cp39-cp39-manylinux_2_17_aarch64.manylinux2014_aarch64.whl", hash = "sha256:4db5b30849606a95dcf519763dd3ab6fe9bd91df49eba517359e450a7d80ce2e"},
    {url = "https://files.pythonhosted.org/packages/bb/b7/380c9e4cd71263f03d16f8a92c0e44c9bdef38777e1a7dde1f47ba996bac/scipy-1.9.3-cp39-cp39-manylinux_2_17_x86_64.manylinux2014_x86_64.whl", hash = "sha256:c68db6b290cbd4049012990d7fe71a2abd9ffbe82c0056ebe0f01df8be5436b0"},
    {url = "https://files.pythonhosted.org/packages/c3/3e/e40c52775a5d19abd43b1c245fbc5dee283a29acc45c830bc73bfad9468b/scipy-1.9.3-cp311-cp311-macosx_12_0_arm64.whl", hash = "sha256:90453d2b93ea82a9f434e4e1cba043e779ff67b92f7a0e85d05d286a3625df3c"},
    {url = "https://files.pythonhosted.org/packages/c8/0f/d9f8c50be8670b7ba6f002679e84cd18f46a23faf62c1590f4d1bbec0c8c/scipy-1.9.3-cp39-cp39-macosx_12_0_arm64.whl", hash = "sha256:da8245491d73ed0a994ed9c2e380fd058ce2fa8a18da204681f2fe1f57f98f95"},
    {url = "https://files.pythonhosted.org/packages/ce/28/635391e72e24bd3f4a91e374f4a186a5e4ecc95f23d8a55c9b0d25777cf7/scipy-1.9.3-cp310-cp310-manylinux_2_17_aarch64.manylinux2014_aarch64.whl", hash = "sha256:1a72d885fa44247f92743fc20732ae55564ff2a519e8302fb7e18717c5355a8b"},
    {url = "https://files.pythonhosted.org/packages/cf/0e/3f1685c1fcb5dfe35ec027a5fc7a29e8818c61b2cc7fa207b4fc7b959f52/scipy-1.9.3-cp310-cp310-win_amd64.whl", hash = "sha256:68239b6aa6f9c593da8be1509a05cb7f9efe98b80f43a5861cd24c7557e98523"},
    {url = "https://files.pythonhosted.org/packages/d0/96/4f6eac3fea18f836a0e403539556b1684e6f3361fa39aa5d5797dedecd75/scipy-1.9.3-cp39-cp39-win_amd64.whl", hash = "sha256:5b88e6d91ad9d59478fafe92a7c757d00c59e3bdc3331be8ada76a4f8d683f58"},
    {url = "https://files.pythonhosted.org/packages/df/75/c0254dc58d1f1b00f9d3dbda029743b71b815dd512461ed20d9b7f459e37/scipy-1.9.3-cp311-cp311-macosx_10_9_x86_64.whl", hash = "sha256:b41bc822679ad1c9a5f023bc93f6d0543129ca0f37c1ce294dd9d386f0a21096"},
    {url = "https://files.pythonhosted.org/packages/f4/9d/882134b1e774a9227ab855c71a39612194e1106185595417ce92f0f1e78c/scipy-1.9.3-cp38-cp38-manylinux_2_17_aarch64.manylinux2014_aarch64.whl", hash = "sha256:0d54222d7a3ba6022fdf5773931b5d7c56efe41ede7f7128c7b1637700409108"},
    {url = "https://files.pythonhosted.org/packages/f9/37/5cd44af74d7178a44452b17ea162bc93996d5555b4a978877d2efd56fe84/scipy-1.9.3-cp311-cp311-manylinux_2_17_aarch64.manylinux2014_aarch64.whl", hash = "sha256:83c06e62a390a9167da60bedd4575a14c1f58ca9dfde59830fc42e5197283dab"},
    {url = "https://files.pythonhosted.org/packages/fb/ba/1733dbbc19f2aa07d100cfa220bcc83a3977bc5c9f0a5ad262dae1f3ab90/scipy-1.9.3-cp310-cp310-macosx_10_9_x86_64.whl", hash = "sha256:1884b66a54887e21addf9c16fb588720a8309a57b2e258ae1c7986d4444d3bc0"},
]
"tbb 2021.7.1" = [
    {url = "https://files.pythonhosted.org/packages/09/0c/6cf1701c24911fd7a603f64bc57130f0b0469a0e86c744acd6f3f85afd0d/tbb-2021.7.1-py2.py3-none-manylinux1_i686.whl", hash = "sha256:a5f6f5e22d7546e9b5013062c1922374a691a8c462d963de0070a9a6983cfbe7"},
    {url = "https://files.pythonhosted.org/packages/2c/87/4b84c812eb3facda631b55144841c28d19277928e1b1248530810db461de/tbb-2021.7.1-py2.py3-none-macosx_10_15_x86_64.macosx_11_0_x86_64.whl", hash = "sha256:38db98913b5d8279321d6a5f53bd2d518344b1ba31bbca534aa2aa3dd5d9257e"},
    {url = "https://files.pythonhosted.org/packages/97/c0/8a11ade44070fd9ee2712a826936bfa08a39c5178c3acbd2031142ec4c9c/tbb-2021.7.1-py2.py3-none-manylinux1_x86_64.whl", hash = "sha256:7bc07cd9198ab4041bf3f898ba8fc899395d267f1e2d82a44cd3f7b8ff6e79d5"},
    {url = "https://files.pythonhosted.org/packages/a9/85/663b4ef026ef465cd77a69408ef225c96214286cebeb9c58ab66138149a5/tbb-2021.7.1-py3-none-win_amd64.whl", hash = "sha256:ff30051e957461c1bdfb168e3ee6312d21fc9c7843eed397f3e5ea24f9d67426"},
    {url = "https://files.pythonhosted.org/packages/c8/31/b24e534fd235a1015ce7b62ef0b6a579fce736897da7ac2cf55bed88fc26/tbb-2021.7.1-py3-none-win32.whl", hash = "sha256:19d0c6ef9fe0d788bf1b38ef6cae4ecc9a716f2537c2a1e86855383dcf451cd1"},
]
"threadpoolctl 3.1.0" = [
    {url = "https://files.pythonhosted.org/packages/1b/c7/3d85f8b3894ba7228d0c74e16e97a36a72b2cd2b0e0f8f89b5d435d11f71/threadpoolctl-3.1.0.tar.gz", hash = "sha256:a335baacfaa4400ae1f0d8e3a58d6674d2f8828e3716bb2802c44955ad391380"},
    {url = "https://files.pythonhosted.org/packages/61/cf/6e354304bcb9c6413c4e02a747b600061c21d38ba51e7e544ac7bc66aecc/threadpoolctl-3.1.0-py3-none-any.whl", hash = "sha256:8b99adda265feb6773280df41eece7b2e6561b772d21ffd52e372f999024907b"},
]
